
Microsoft Visual Studio Solution File, Format Version 12.00
# Visual Studio Version 17
VisualStudioVersion = 17.0.31912.275
MinimumVisualStudioVersion = 10.0.40219.1
Project("{FAE04EC0-301F-11D3-BF4B-00C04F79EFBC}") = "button", "button\button.csproj", "{4585B513-6B5A-482B-A69A-07DB3780C76F}"
EndProject
Global
	GlobalSection(SolutionConfigurationPlatforms) = preSolution
		Debug|Any CPU = Debug|Any CPU
		Release|Any CPU = Release|Any CPU
	EndGlobalSection
	GlobalSection(ProjectConfigurationPlatforms) = postSolution
		{4585B513-6B5A-482B-A69A-07DB3780C76F}.Debug|Any CPU.ActiveCfg = Debug|Any CPU
		{4585B513-6B5A-482B-A69A-07DB3780C76F}.Debug|Any CPU.Build.0 = Debug|Any CPU
		{4585B513-6B5A-482B-A69A-07DB3780C76F}.Release|Any CPU.ActiveCfg = Release|Any CPU
		{4585B513-6B5A-482B-A69A-07DB3780C76F}.Release|Any CPU.Build.0 = Release|Any CPU
	EndGlobalSection
	GlobalSection(SolutionProperties) = preSolution
		HideSolutionNode = FALSE
	EndGlobalSection
	GlobalSection(ExtensibilityGlobals) = postSolution
		SolutionGuid = {8F722F53-8760-4FE4-8879-A23417202405}
	EndGlobalSection
EndGlobal
